
Microsoft Visual Studio Solution File, Format Version 12.00
# Visual Studio Version 16
VisualStudioVersion = 16.0.31409.214
MinimumVisualStudioVersion = 10.0.40219.1
Project("{FAE04EC0-301F-11D3-BF4B-00C04F79EFBC}") = "Automation.API", "Automation.API\Automation.API.csproj", "{0ACDDE41-04C1-4828-84F2-9D2E0838799F}"
EndProject
Project("{FAE04EC0-301F-11D3-BF4B-00C04F79EFBC}") = "Automation.Core", "Automation.Core\Automation.Core.csproj", "{EE536A93-6540-4B45-9FFE-5687A91696ED}"
EndProject
Project("{FAE04EC0-301F-11D3-BF4B-00C04F79EFBC}") = "Automation.Tests", "Automation.Tests\Automation.Tests.csproj", "{F2090781-70B8-4AAC-BD95-78D1A437AB84}"
EndProject
Global
	GlobalSection(SolutionConfigurationPlatforms) = preSolution
		Debug|Any CPU = Debug|Any CPU
		Release|Any CPU = Release|Any CPU
	EndGlobalSection
	GlobalSection(ProjectConfigurationPlatforms) = postSolution
		{0ACDDE41-04C1-4828-84F2-9D2E0838799F}.Debug|Any CPU.ActiveCfg = Debug|Any CPU
		{0ACDDE41-04C1-4828-84F2-9D2E0838799F}.Debug|Any CPU.Build.0 = Debug|Any CPU
		{0ACDDE41-04C1-4828-84F2-9D2E0838799F}.Release|Any CPU.ActiveCfg = Release|Any CPU
		{0ACDDE41-04C1-4828-84F2-9D2E0838799F}.Release|Any CPU.Build.0 = Release|Any CPU
		{EE536A93-6540-4B45-9FFE-5687A91696ED}.Debug|Any CPU.ActiveCfg = Debug|Any CPU
		{EE536A93-6540-4B45-9FFE-5687A91696ED}.Debug|Any CPU.Build.0 = Debug|Any CPU
		{EE536A93-6540-4B45-9FFE-5687A91696ED}.Release|Any CPU.ActiveCfg = Release|Any CPU
		{EE536A93-6540-4B45-9FFE-5687A91696ED}.Release|Any CPU.Build.0 = Release|Any CPU
		{F2090781-70B8-4AAC-BD95-78D1A437AB84}.Debug|Any CPU.ActiveCfg = Debug|Any CPU
		{F2090781-70B8-4AAC-BD95-78D1A437AB84}.Debug|Any CPU.Build.0 = Debug|Any CPU
		{F2090781-70B8-4AAC-BD95-78D1A437AB84}.Release|Any CPU.ActiveCfg = Release|Any CPU
		{F2090781-70B8-4AAC-BD95-78D1A437AB84}.Release|Any CPU.Build.0 = Release|Any CPU
	EndGlobalSection
	GlobalSection(SolutionProperties) = preSolution
		HideSolutionNode = FALSE
	EndGlobalSection
	GlobalSection(ExtensibilityGlobals) = postSolution
		SolutionGuid = {A0A91B8F-D2B6-4F05-BC99-DBAA815072CE}
	EndGlobalSection
EndGlobal
